auspice/seasonal_corona_oc43_full.json
results/tree_oc43_full.nwk
results/metadata_oc43_full.tsv
results/branch_lengths_oc43_full.json
results/nt_muts_oc43_full.json
results/aa_muts_oc43_full.json
config/lat_longs.tsv
config/auspice_config.json
config/colors.tsv
results/tree_raw_oc43_full.nwk
results/aligned_oc43_full.fasta
results/metadata_oc43_full.tsv
data/oc43_full.fasta
results/tree_oc43_full.nwk
results/aligned_oc43_full.fasta
results/tree_oc43_full.nwk
results/nt_muts_oc43_full.json
config/oc43_full_reference.gb
results/aligned_oc43_full.fasta
results/filtered_oc43_full.fasta
config/oc43_full_reference.gb
results/sequences_oc43_full.fasta
results/metadata_oc43_full.tsv
