auspice/seasonal_corona_cov_full.json
results/tree_cov_full.nwk
results/metadata_cov_full.tsv
results/branch_lengths_cov_full.json
results/nt_muts_cov_full.json
results/aa_muts_cov_full.json
config/lat_longs.tsv
config/auspice_config.json
config/colors.tsv
results/tree_raw_cov_full.nwk
results/aligned_cov_full.fasta
results/metadata_cov_full.tsv
data/cov_full.fasta
results/tree_cov_full.nwk
results/aligned_cov_full.fasta
results/tree_cov_full.nwk
results/nt_muts_cov_full.json
config/oc43_full_reference.gb
results/aligned_cov_full.fasta
results/filtered_cov_full.fasta
config/oc43_full_reference.gb
results/sequences_cov_full.fasta
results/metadata_cov_full.tsv
